
Microsoft Visual Studio Solution File, Format Version 12.00
# Visual Studio Version 16
VisualStudioVersion = 16.0.32228.343
MinimumVisualStudioVersion = 10.0.40219.1
Project("{2150E333-8FDC-42A3-9474-1A3956D46DE8}") = "Chapter02", "Chapter02", "{8B00C031-172B-4A77-A0AD-9907CFA9FC8F}"
EndProject
Project("{FAE04EC0-301F-11D3-BF4B-00C04F79EFBC}") = "DistanceConverter", "Chapter02\DistanceConverter\DistanceConverter.csproj", "{13001123-3233-4D03-8783-8668D3B21878}"
EndProject
Project("{FAE04EC0-301F-11D3-BF4B-00C04F79EFBC}") = "SalesCalculator", "Chapter02\SalesCalculator\SalesCalculator.csproj", "{20C413BE-4551-4989-B53B-3FB0C7C59421}"
EndProject
Project("{FAE04EC0-301F-11D3-BF4B-00C04F79EFBC}") = "Exercise", "Chapter02\Exercise\Exercise.csproj", "{DDAAAD6D-003F-402D-9943-B901ED214B3A}"
EndProject
Project("{FAE04EC0-301F-11D3-BF4B-00C04F79EFBC}") = "Exercise03", "Chapter02\Exercise03\Exercise03.csproj", "{2D30A8F1-39F5-4FCE-A94A-D159FE4D5937}"
EndProject
Project("{FAE04EC0-301F-11D3-BF4B-00C04F79EFBC}") = "Exercise02", "Chapter02\Exercise02\Exercise02.csproj", "{96A038B6-05C8-4F6F-B738-1A5E088892B0}"
EndProject
Project("{2150E333-8FDC-42A3-9474-1A3956D46DE8}") = "Chapter03", "Chapter03", "{C3A13BD6-778A-4FF1-88A5-5192307A5481}"
EndProject
Project("{FAE04EC0-301F-11D3-BF4B-00C04F79EFBC}") = "Section01", "Chapter03\Section01\Section01.csproj", "{C617FDC1-DDFA-485A-B18E-3F101D329A52}"
EndProject
Project("{FAE04EC0-301F-11D3-BF4B-00C04F79EFBC}") = "Exercise01", "Chapter03\Exercise01\Exercise01.csproj", "{B42D4C68-D2EA-4CE5-B8CD-3B68DF38B8C1}"
EndProject
Project("{FAE04EC0-301F-11D3-BF4B-00C04F79EFBC}") = "Section04", "Chapter03\Section04\Section04.csproj", "{3A75EF26-EC29-4326-8BA8-519039D05EAD}"
EndProject
Project("{FAE04EC0-301F-11D3-BF4B-00C04F79EFBC}") = "Exercise02", "Chapter03\Exercise02\Exercise02.csproj", "{9961A011-9C2A-43FB-A508-469C51088D11}"
EndProject
Project("{2150E333-8FDC-42A3-9474-1A3956D46DE8}") = "Chapter04", "Chapter04", "{E49E00A8-2F4D-46ED-A6EB-4012F310B0DD}"
EndProject
Project("{FAE04EC0-301F-11D3-BF4B-00C04F79EFBC}") = "Exercise01", "Chapter04\Exercise01\Exercise01.csproj", "{29240FBF-E09F-42FC-BB29-75600A972D12}"
EndProject
Project("{FAE04EC0-301F-11D3-BF4B-00C04F79EFBC}") = "Exercise02", "Chapter04\Exercise02\Exercise02.csproj", "{6AB67DAF-D832-4771-96A5-77E859E1F33D}"
EndProject
Project("{2150E333-8FDC-42A3-9474-1A3956D46DE8}") = "Chapter05", "Chapter05", "{317AAA9E-2482-4D07-AF26-083B4239E14E}"
EndProject
Project("{FAE04EC0-301F-11D3-BF4B-00C04F79EFBC}") = "Exercise01", "Chapter05\Exercise01\Exercise01.csproj", "{B2274FA3-D012-439E-8778-23786C5C37A2}"
EndProject
Project("{FAE04EC0-301F-11D3-BF4B-00C04F79EFBC}") = "Exercise02", "Chapter05\Exercise02\Exercise02.csproj", "{2598B140-3F21-4F7D-8906-1789AE4880AF}"
EndProject
Project("{FAE04EC0-301F-11D3-BF4B-00C04F79EFBC}") = "Exercise03", "Chapter05\Exercise03\Exercise03.csproj", "{B9AC9C3B-4433-40D0-BEDA-C1548E201C73}"
EndProject
Project("{FAE04EC0-301F-11D3-BF4B-00C04F79EFBC}") = "Exercise04", "Chapter05\Exercise04\Exercise04.csproj", "{7E27FABD-2A20-41E8-9C66-FD1B67B96A5D}"
EndProject
Project("{2150E333-8FDC-42A3-9474-1A3956D46DE8}") = "Chapter06", "Chapter06", "{B28270FC-EAEA-4A7C-A4B3-AFDF5304C010}"
EndProject
Project("{FAE04EC0-301F-11D3-BF4B-00C04F79EFBC}") = "Exercise01", "Chapter06\Exercise01\Exercise01.csproj", "{332A34D8-A2FC-4267-9EDC-42B65674F711}"
EndProject
Project("{FAE04EC0-301F-11D3-BF4B-00C04F79EFBC}") = "Exercise02", "Chapter06\Exercise02\Exercise02.csproj", "{AB70A374-F967-4461-A042-679FC5832602}"
EndProject
Project("{2150E333-8FDC-42A3-9474-1A3956D46DE8}") = "FormAppSample", "FormAppSample", "{36BC124B-1725-4696-A49A-8BF83898FB29}"
EndProject
Project("{FAE04EC0-301F-11D3-BF4B-00C04F79EFBC}") = "Sample0603", "FormAppSample\Sample0603\Sample0603.csproj", "{2440680C-CE85-4A40-BC58-62DD0FEE23EC}"
EndProject
Project("{FAE04EC0-301F-11D3-BF4B-00C04F79EFBC}") = "Sample0607", "FormAppSample\Sample0607\Sample0607.csproj", "{40AF6871-8C6D-405F-8CC2-CD5887C26A62}"
EndProject
Project("{FAE04EC0-301F-11D3-BF4B-00C04F79EFBC}") = "NumberGame", "FormAppSample\NumberGame\NumberGame.csproj", "{4153313F-FBA4-40B8-BACC-B7D7C559EA60}"
EndProject
Project("{2150E333-8FDC-42A3-9474-1A3956D46DE8}") = "Test202206", "Test202206", "{E30A8EDA-B4EC-414A-8EEA-B276AC7C77E1}"
EndProject
Project("{FAE04EC0-301F-11D3-BF4B-00C04F79EFBC}") = "Test01", "Test202206\TestProject\Test01\Test01.csproj", "{2BFACDC3-F44D-4199-8498-F5C3C4AC0335}"
EndProject
Project("{FAE04EC0-301F-11D3-BF4B-00C04F79EFBC}") = "Test02", "Test202206\TestProject\Test02\Test02.csproj", "{E461C0A8-8900-485C-B520-E929BA33F712}"
EndProject
Project("{FAE04EC0-301F-11D3-BF4B-00C04F79EFBC}") = "AddressBook", "FormAppSample\AddressBook\AddressBook.csproj", "{8F4AC0B2-E985-455B-8727-56B3A4FE2870}"
EndProject
Project("{2150E333-8FDC-42A3-9474-1A3956D46DE8}") = "Sample", "Sample", "{B4883C38-E8FF-49ED-9DCF-549278DC95EB}"
EndProject
Project("{FAE04EC0-301F-11D3-BF4B-00C04F79EFBC}") = "Test01", "Test202206\TestProject_\Test01\Test01.csproj", "{917E47E9-9EFF-4368-BD8B-9C5AB706A23B}"
EndProject
Project("{FAE04EC0-301F-11D3-BF4B-00C04F79EFBC}") = "Test02", "Test202206\TestProject_\Test02\Test02.csproj", "{BA48AA73-685A-4DFD-934D-89BA4626C2CE}"
EndProject
Global
	GlobalSection(SolutionConfigurationPlatforms) = preSolution
		Debug|Any CPU = Debug|Any CPU
		Release|Any CPU = Release|Any CPU
	EndGlobalSection
	GlobalSection(ProjectConfigurationPlatforms) = postSolution
		{13001123-3233-4D03-8783-8668D3B21878}.Debug|Any CPU.ActiveCfg = Debug|Any CPU
		{13001123-3233-4D03-8783-8668D3B21878}.Debug|Any CPU.Build.0 = Debug|Any CPU
		{13001123-3233-4D03-8783-8668D3B21878}.Release|Any CPU.ActiveCfg = Release|Any CPU
		{13001123-3233-4D03-8783-8668D3B21878}.Release|Any CPU.Build.0 = Release|Any CPU
		{20C413BE-4551-4989-B53B-3FB0C7C59421}.Debug|Any CPU.ActiveCfg = Debug|Any CPU
		{20C413BE-4551-4989-B53B-3FB0C7C59421}.Debug|Any CPU.Build.0 = Debug|Any CPU
		{20C413BE-4551-4989-B53B-3FB0C7C59421}.Release|Any CPU.ActiveCfg = Release|Any CPU
		{20C413BE-4551-4989-B53B-3FB0C7C59421}.Release|Any CPU.Build.0 = Release|Any CPU
		{DDAAAD6D-003F-402D-9943-B901ED214B3A}.Debug|Any CPU.ActiveCfg = Debug|Any CPU
		{DDAAAD6D-003F-402D-9943-B901ED214B3A}.Debug|Any CPU.Build.0 = Debug|Any CPU
		{DDAAAD6D-003F-402D-9943-B901ED214B3A}.Release|Any CPU.ActiveCfg = Release|Any CPU
		{DDAAAD6D-003F-402D-9943-B901ED214B3A}.Release|Any CPU.Build.0 = Release|Any CPU
		{2D30A8F1-39F5-4FCE-A94A-D159FE4D5937}.Debug|Any CPU.ActiveCfg = Debug|Any CPU
		{2D30A8F1-39F5-4FCE-A94A-D159FE4D5937}.Debug|Any CPU.Build.0 = Debug|Any CPU
		{2D30A8F1-39F5-4FCE-A94A-D159FE4D5937}.Release|Any CPU.ActiveCfg = Release|Any CPU
		{2D30A8F1-39F5-4FCE-A94A-D159FE4D5937}.Release|Any CPU.Build.0 = Release|Any CPU
		{96A038B6-05C8-4F6F-B738-1A5E088892B0}.Debug|Any CPU.ActiveCfg = Debug|Any CPU
		{96A038B6-05C8-4F6F-B738-1A5E088892B0}.Debug|Any CPU.Build.0 = Debug|Any CPU
		{96A038B6-05C8-4F6F-B738-1A5E088892B0}.Release|Any CPU.ActiveCfg = Release|Any CPU
		{96A038B6-05C8-4F6F-B738-1A5E088892B0}.Release|Any CPU.Build.0 = Release|Any CPU
		{C617FDC1-DDFA-485A-B18E-3F101D329A52}.Debug|Any CPU.ActiveCfg = Debug|Any CPU
		{C617FDC1-DDFA-485A-B18E-3F101D329A52}.Debug|Any CPU.Build.0 = Debug|Any CPU
		{C617FDC1-DDFA-485A-B18E-3F101D329A52}.Release|Any CPU.ActiveCfg = Release|Any CPU
		{C617FDC1-DDFA-485A-B18E-3F101D329A52}.Release|Any CPU.Build.0 = Release|Any CPU
		{B42D4C68-D2EA-4CE5-B8CD-3B68DF38B8C1}.Debug|Any CPU.ActiveCfg = Debug|Any CPU
		{B42D4C68-D2EA-4CE5-B8CD-3B68DF38B8C1}.Debug|Any CPU.Build.0 = Debug|Any CPU
		{B42D4C68-D2EA-4CE5-B8CD-3B68DF38B8C1}.Release|Any CPU.ActiveCfg = Release|Any CPU
		{B42D4C68-D2EA-4CE5-B8CD-3B68DF38B8C1}.Release|Any CPU.Build.0 = Release|Any CPU
		{3A75EF26-EC29-4326-8BA8-519039D05EAD}.Debug|Any CPU.ActiveCfg = Debug|Any CPU
		{3A75EF26-EC29-4326-8BA8-519039D05EAD}.Debug|Any CPU.Build.0 = Debug|Any CPU
		{3A75EF26-EC29-4326-8BA8-519039D05EAD}.Release|Any CPU.ActiveCfg = Release|Any CPU
		{3A75EF26-EC29-4326-8BA8-519039D05EAD}.Release|Any CPU.Build.0 = Release|Any CPU
		{9961A011-9C2A-43FB-A508-469C51088D11}.Debug|Any CPU.ActiveCfg = Debug|Any CPU
		{9961A011-9C2A-43FB-A508-469C51088D11}.Debug|Any CPU.Build.0 = Debug|Any CPU
		{9961A011-9C2A-43FB-A508-469C51088D11}.Release|Any CPU.ActiveCfg = Release|Any CPU
		{9961A011-9C2A-43FB-A508-469C51088D11}.Release|Any CPU.Build.0 = Release|Any CPU
		{29240FBF-E09F-42FC-BB29-75600A972D12}.Debug|Any CPU.ActiveCfg = Debug|Any CPU
		{29240FBF-E09F-42FC-BB29-75600A972D12}.Debug|Any CPU.Build.0 = Debug|Any CPU
		{29240FBF-E09F-42FC-BB29-75600A972D12}.Release|Any CPU.ActiveCfg = Release|Any CPU
		{29240FBF-E09F-42FC-BB29-75600A972D12}.Release|Any CPU.Build.0 = Release|Any CPU
		{6AB67DAF-D832-4771-96A5-77E859E1F33D}.Debug|Any CPU.ActiveCfg = Debug|Any CPU
		{6AB67DAF-D832-4771-96A5-77E859E1F33D}.Debug|Any CPU.Build.0 = Debug|Any CPU
		{6AB67DAF-D832-4771-96A5-77E859E1F33D}.Release|Any CPU.ActiveCfg = Release|Any CPU
		{6AB67DAF-D832-4771-96A5-77E859E1F33D}.Release|Any CPU.Build.0 = Release|Any CPU
		{B2274FA3-D012-439E-8778-23786C5C37A2}.Debug|Any CPU.ActiveCfg = Debug|Any CPU
		{B2274FA3-D012-439E-8778-23786C5C37A2}.Debug|Any CPU.Build.0 = Debug|Any CPU
		{B2274FA3-D012-439E-8778-23786C5C37A2}.Release|Any CPU.ActiveCfg = Release|Any CPU
		{B2274FA3-D012-439E-8778-23786C5C37A2}.Release|Any CPU.Build.0 = Release|Any CPU
		{2598B140-3F21-4F7D-8906-1789AE4880AF}.Debug|Any CPU.ActiveCfg = Debug|Any CPU
		{2598B140-3F21-4F7D-8906-1789AE4880AF}.Debug|Any CPU.Build.0 = Debug|Any CPU
		{2598B140-3F21-4F7D-8906-1789AE4880AF}.Release|Any CPU.ActiveCfg = Release|Any CPU
		{2598B140-3F21-4F7D-8906-1789AE4880AF}.Release|Any CPU.Build.0 = Release|Any CPU
		{B9AC9C3B-4433-40D0-BEDA-C1548E201C73}.Debug|Any CPU.ActiveCfg = Debug|Any CPU
		{B9AC9C3B-4433-40D0-BEDA-C1548E201C73}.Debug|Any CPU.Build.0 = Debug|Any CPU
		{B9AC9C3B-4433-40D0-BEDA-C1548E201C73}.Release|Any CPU.ActiveCfg = Release|Any CPU
		{B9AC9C3B-4433-40D0-BEDA-C1548E201C73}.Release|Any CPU.Build.0 = Release|Any CPU
		{7E27FABD-2A20-41E8-9C66-FD1B67B96A5D}.Debug|Any CPU.ActiveCfg = Debug|Any CPU
		{7E27FABD-2A20-41E8-9C66-FD1B67B96A5D}.Debug|Any CPU.Build.0 = Debug|Any CPU
		{7E27FABD-2A20-41E8-9C66-FD1B67B96A5D}.Release|Any CPU.ActiveCfg = Release|Any CPU
		{7E27FABD-2A20-41E8-9C66-FD1B67B96A5D}.Release|Any CPU.Build.0 = Release|Any CPU
		{332A34D8-A2FC-4267-9EDC-42B65674F711}.Debug|Any CPU.ActiveCfg = Debug|Any CPU
		{332A34D8-A2FC-4267-9EDC-42B65674F711}.Debug|Any CPU.Build.0 = Debug|Any CPU
		{332A34D8-A2FC-4267-9EDC-42B65674F711}.Release|Any CPU.ActiveCfg = Release|Any CPU
		{332A34D8-A2FC-4267-9EDC-42B65674F711}.Release|Any CPU.Build.0 = Release|Any CPU
		{AB70A374-F967-4461-A042-679FC5832602}.Debug|Any CPU.ActiveCfg = Debug|Any CPU
		{AB70A374-F967-4461-A042-679FC5832602}.Debug|Any CPU.Build.0 = Debug|Any CPU
		{AB70A374-F967-4461-A042-679FC5832602}.Release|Any CPU.ActiveCfg = Release|Any CPU
		{AB70A374-F967-4461-A042-679FC5832602}.Release|Any CPU.Build.0 = Release|Any CPU
		{2440680C-CE85-4A40-BC58-62DD0FEE23EC}.Debug|Any CPU.ActiveCfg = Debug|Any CPU
		{2440680C-CE85-4A40-BC58-62DD0FEE23EC}.Debug|Any CPU.Build.0 = Debug|Any CPU
		{2440680C-CE85-4A40-BC58-62DD0FEE23EC}.Release|Any CPU.ActiveCfg = Release|Any CPU
		{2440680C-CE85-4A40-BC58-62DD0FEE23EC}.Release|Any CPU.Build.0 = Release|Any CPU
		{40AF6871-8C6D-405F-8CC2-CD5887C26A62}.Debug|Any CPU.ActiveCfg = Debug|Any CPU
		{40AF6871-8C6D-405F-8CC2-CD5887C26A62}.Debug|Any CPU.Build.0 = Debug|Any CPU
		{40AF6871-8C6D-405F-8CC2-CD5887C26A62}.Release|Any CPU.ActiveCfg = Release|Any CPU
		{40AF6871-8C6D-405F-8CC2-CD5887C26A62}.Release|Any CPU.Build.0 = Release|Any CPU
		{4153313F-FBA4-40B8-BACC-B7D7C559EA60}.Debug|Any CPU.ActiveCfg = Debug|Any CPU
		{4153313F-FBA4-40B8-BACC-B7D7C559EA60}.Debug|Any CPU.Build.0 = Debug|Any CPU
		{4153313F-FBA4-40B8-BACC-B7D7C559EA60}.Release|Any CPU.ActiveCfg = Release|Any CPU
		{4153313F-FBA4-40B8-BACC-B7D7C559EA60}.Release|Any CPU.Build.0 = Release|Any CPU
		{2BFACDC3-F44D-4199-8498-F5C3C4AC0335}.Debug|Any CPU.ActiveCfg = Debug|Any CPU
		{2BFACDC3-F44D-4199-8498-F5C3C4AC0335}.Debug|Any CPU.Build.0 = Debug|Any CPU
		{2BFACDC3-F44D-4199-8498-F5C3C4AC0335}.Release|Any CPU.ActiveCfg = Release|Any CPU
		{2BFACDC3-F44D-4199-8498-F5C3C4AC0335}.Release|Any CPU.Build.0 = Release|Any CPU
		{E461C0A8-8900-485C-B520-E929BA33F712}.Debug|Any CPU.ActiveCfg = Debug|Any CPU
		{E461C0A8-8900-485C-B520-E929BA33F712}.Debug|Any CPU.Build.0 = Debug|Any CPU
		{E461C0A8-8900-485C-B520-E929BA33F712}.Release|Any CPU.ActiveCfg = Release|Any CPU
		{E461C0A8-8900-485C-B520-E929BA33F712}.Release|Any CPU.Build.0 = Release|Any CPU
		{8F4AC0B2-E985-455B-8727-56B3A4FE2870}.Debug|Any CPU.ActiveCfg = Debug|Any CPU
		{8F4AC0B2-E985-455B-8727-56B3A4FE2870}.Debug|Any CPU.Build.0 = Debug|Any CPU
		{8F4AC0B2-E985-455B-8727-56B3A4FE2870}.Release|Any CPU.ActiveCfg = Release|Any CPU
		{8F4AC0B2-E985-455B-8727-56B3A4FE2870}.Release|Any CPU.Build.0 = Release|Any CPU
		{917E47E9-9EFF-4368-BD8B-9C5AB706A23B}.Debug|Any CPU.ActiveCfg = Debug|Any CPU
		{917E47E9-9EFF-4368-BD8B-9C5AB706A23B}.Debug|Any CPU.Build.0 = Debug|Any CPU
		{917E47E9-9EFF-4368-BD8B-9C5AB706A23B}.Release|Any CPU.ActiveCfg = Release|Any CPU
		{917E47E9-9EFF-4368-BD8B-9C5AB706A23B}.Release|Any CPU.Build.0 = Release|Any CPU
		{BA48AA73-685A-4DFD-934D-89BA4626C2CE}.Debug|Any CPU.ActiveCfg = Debug|Any CPU
		{BA48AA73-685A-4DFD-934D-89BA4626C2CE}.Debug|Any CPU.Build.0 = Debug|Any CPU
		{BA48AA73-685A-4DFD-934D-89BA4626C2CE}.Release|Any CPU.ActiveCfg = Release|Any CPU
		{BA48AA73-685A-4DFD-934D-89BA4626C2CE}.Release|Any CPU.Build.0 = Release|Any CPU
	EndGlobalSection
	GlobalSection(SolutionProperties) = preSolution
		HideSolutionNode = FALSE
	EndGlobalSection
	GlobalSection(NestedProjects) = preSolution
		{13001123-3233-4D03-8783-8668D3B21878} = {8B00C031-172B-4A77-A0AD-9907CFA9FC8F}
		{20C413BE-4551-4989-B53B-3FB0C7C59421} = {8B00C031-172B-4A77-A0AD-9907CFA9FC8F}
		{DDAAAD6D-003F-402D-9943-B901ED214B3A} = {8B00C031-172B-4A77-A0AD-9907CFA9FC8F}
		{2D30A8F1-39F5-4FCE-A94A-D159FE4D5937} = {8B00C031-172B-4A77-A0AD-9907CFA9FC8F}
		{96A038B6-05C8-4F6F-B738-1A5E088892B0} = {8B00C031-172B-4A77-A0AD-9907CFA9FC8F}
		{C617FDC1-DDFA-485A-B18E-3F101D329A52} = {C3A13BD6-778A-4FF1-88A5-5192307A5481}
		{B42D4C68-D2EA-4CE5-B8CD-3B68DF38B8C1} = {C3A13BD6-778A-4FF1-88A5-5192307A5481}
		{3A75EF26-EC29-4326-8BA8-519039D05EAD} = {C3A13BD6-778A-4FF1-88A5-5192307A5481}
		{9961A011-9C2A-43FB-A508-469C51088D11} = {C3A13BD6-778A-4FF1-88A5-5192307A5481}
		{29240FBF-E09F-42FC-BB29-75600A972D12} = {E49E00A8-2F4D-46ED-A6EB-4012F310B0DD}
		{6AB67DAF-D832-4771-96A5-77E859E1F33D} = {E49E00A8-2F4D-46ED-A6EB-4012F310B0DD}
		{B2274FA3-D012-439E-8778-23786C5C37A2} = {317AAA9E-2482-4D07-AF26-083B4239E14E}
		{2598B140-3F21-4F7D-8906-1789AE4880AF} = {317AAA9E-2482-4D07-AF26-083B4239E14E}
		{B9AC9C3B-4433-40D0-BEDA-C1548E201C73} = {317AAA9E-2482-4D07-AF26-083B4239E14E}
		{7E27FABD-2A20-41E8-9C66-FD1B67B96A5D} = {317AAA9E-2482-4D07-AF26-083B4239E14E}
		{332A34D8-A2FC-4267-9EDC-42B65674F711} = {B28270FC-EAEA-4A7C-A4B3-AFDF5304C010}
		{AB70A374-F967-4461-A042-679FC5832602} = {B28270FC-EAEA-4A7C-A4B3-AFDF5304C010}
		{2440680C-CE85-4A40-BC58-62DD0FEE23EC} = {36BC124B-1725-4696-A49A-8BF83898FB29}
		{40AF6871-8C6D-405F-8CC2-CD5887C26A62} = {36BC124B-1725-4696-A49A-8BF83898FB29}
		{4153313F-FBA4-40B8-BACC-B7D7C559EA60} = {36BC124B-1725-4696-A49A-8BF83898FB29}
		{2BFACDC3-F44D-4199-8498-F5C3C4AC0335} = {E30A8EDA-B4EC-414A-8EEA-B276AC7C77E1}
		{E461C0A8-8900-485C-B520-E929BA33F712} = {E30A8EDA-B4EC-414A-8EEA-B276AC7C77E1}
		{8F4AC0B2-E985-455B-8727-56B3A4FE2870} = {36BC124B-1725-4696-A49A-8BF83898FB29}
		{B4883C38-E8FF-49ED-9DCF-549278DC95EB} = {E30A8EDA-B4EC-414A-8EEA-B276AC7C77E1}
		{917E47E9-9EFF-4368-BD8B-9C5AB706A23B} = {B4883C38-E8FF-49ED-9DCF-549278DC95EB}
		{BA48AA73-685A-4DFD-934D-89BA4626C2CE} = {B4883C38-E8FF-49ED-9DCF-549278DC95EB}
	EndGlobalSection
	GlobalSection(ExtensibilityGlobals) = postSolution
		SolutionGuid = {B1EA921C-810E-4716-A75C-C7E515900697}
	EndGlobalSection
EndGlobal
